github.com/RTradeLtd/cmd v1.0.4/go.mod h1:GZNP0nplUckIXS6ldanSSPUIhuRhkT5c7YirRR2qNwE=
github.com/RTradeLtd/cmd v2.0.1+incompatible/go.mod h1:GZNP0nplUckIXS6ldanSSPUIhuRhkT5c7YirRR2qNwE=
github.com/RTradeLtd/config v1.0.15/go.mod h1:FVv/bU49cFXT3MRNrPe1VztMBxHQW6MS/DHWqtxNiRc=
github.com/RTradeLtd/config v2.0.5+incompatible/go.mod h1:FVv/bU49cFXT3MRNrPe1VztMBxHQW6MS/DHWqtxNiRc=
golang.org/x/crypto v0.0.0-20181203042331-505ab145d0a9 h1:mKdxBk7AujPs8kU4m80U72y/zjbZ3UcXC7dClwKbUI0=
golang.org/x/crypto v0.0.0-20181203042331-505ab145d0a9/go.mod h1:6SG95UA2DQfeDnfUPMdvaQW0Q7yPrPDi9nlGo2tz2b4=
golang.org/x/crypto v0.0.0-20190411191339-88737f569e3a h1:Igim7XhdOpBnWPuYJ70XcNpq8q3BCACtVgNfoJxOV7g=
golang.org/x/crypto v0.0.0-20190411191339-88737f569e3a/go.mod h1:WFFai1msRO1wXaEeE5yQxYXgSfI8pQAWXbQop6sCtWE=
golang.org/x/sys v0.0.0-20190403152447-81d4e9dc473e/go.mod h1:h1NjWce9XRLGQEsW7wpKNCjG9DtNlClVuFLEZdDNbEs=
golang.org/x/sys v0.0.0-20190416152802-12500544f89f/go.mod h1:h1NjWce9XRLGQEsW7wpKNCjG9DtNlClVuFLEZdDNbEs=
