github.com/RTradeLtd/cmd/v2 v2.1.0/go.mod h1:fIVjC55FRGZEtCbXgtAlAiKYIJozBQ1oYTV4MJufTKg=
github.com/RTradeLtd/config/v2 v2.1.1/go.mod h1:juSzxBr84ZeNera4QtOZ7khT9AAtqvyPPn/rx2dgzp4=
github.com/RTradeLtd/config/v2 v2.1.5 h1:5RqXYZJNufmsHk9tL1I2wyQHxkgc/fdXjyamoegTI4A=
github.com/RTradeLtd/config/v2 v2.1.5/go.mod h1:juSzxBr84ZeNera4QtOZ7khT9AAtqvyPPn/rx2dgzp4=
golang.org/x/crypto v0.0.0-20190411191339-88737f569e3a/go.mod h1:WFFai1msRO1wXaEeE5yQxYXgSfI8pQAWXbQop6sCtWE=
golang.org/x/sys v0.0.0-20190403152447-81d4e9dc473e/go.mod h1:h1NjWce9XRLGQEsW7wpKNCjG9DtNlClVuFLEZdDNbEs=
